
Microsoft Visual Studio Solution File, Format Version 12.00
# Visual Studio Version 17
VisualStudioVersion = 17.0.32112.339
MinimumVisualStudioVersion = 10.0.40219.1
Project("{9A19103F-16F7-4668-BE54-9A1E7A4F7556}") = "Solid.SingleResponsibility", "Solid.SingleResponsibility\Solid.SingleResponsibility.csproj", "{4CB7752D-F96C-4B88-81DF-4CE910B85CE5}"
EndProject
Project("{9A19103F-16F7-4668-BE54-9A1E7A4F7556}") = "Solid.OpenClosed", "Solid.OpenClosed\Solid.OpenClosed.csproj", "{BF51D885-F225-4A6F-8826-F9217B8EC753}"
EndProject
Project("{FAE04EC0-301F-11D3-BF4B-00C04F79EFBC}") = "Solid.LiskovSubstitution", "Solid.LiskovSubstitution\Solid.LiskovSubstitution.csproj", "{1E8F722E-7FC1-4195-B22B-ED4B9DC577A9}"
EndProject
Project("{FAE04EC0-301F-11D3-BF4B-00C04F79EFBC}") = "Solid.InterfaceSegregation", "Solid.InterfaceSegregation\Solid.InterfaceSegregation.csproj", "{063B9D34-3085-469E-B055-2034A92FBCE3}"
EndProject
Project("{FAE04EC0-301F-11D3-BF4B-00C04F79EFBC}") = "Solid.DependencyInversion", "Solid.DependencyInversion\Solid.DependencyInversion.csproj", "{7AB2EF56-5CB7-4A30-9528-62DF7685DE54}"
EndProject
Global
	GlobalSection(SolutionConfigurationPlatforms) = preSolution
		Debug|Any CPU = Debug|Any CPU
		Release|Any CPU = Release|Any CPU
	EndGlobalSection
	GlobalSection(ProjectConfigurationPlatforms) = postSolution
		{4CB7752D-F96C-4B88-81DF-4CE910B85CE5}.Debug|Any CPU.ActiveCfg = Debug|Any CPU
		{4CB7752D-F96C-4B88-81DF-4CE910B85CE5}.Debug|Any CPU.Build.0 = Debug|Any CPU
		{4CB7752D-F96C-4B88-81DF-4CE910B85CE5}.Release|Any CPU.ActiveCfg = Release|Any CPU
		{4CB7752D-F96C-4B88-81DF-4CE910B85CE5}.Release|Any CPU.Build.0 = Release|Any CPU
		{BF51D885-F225-4A6F-8826-F9217B8EC753}.Debug|Any CPU.ActiveCfg = Debug|Any CPU
		{BF51D885-F225-4A6F-8826-F9217B8EC753}.Debug|Any CPU.Build.0 = Debug|Any CPU
		{BF51D885-F225-4A6F-8826-F9217B8EC753}.Release|Any CPU.ActiveCfg = Release|Any CPU
		{BF51D885-F225-4A6F-8826-F9217B8EC753}.Release|Any CPU.Build.0 = Release|Any CPU
		{1E8F722E-7FC1-4195-B22B-ED4B9DC577A9}.Debug|Any CPU.ActiveCfg = Debug|Any CPU
		{1E8F722E-7FC1-4195-B22B-ED4B9DC577A9}.Debug|Any CPU.Build.0 = Debug|Any CPU
		{1E8F722E-7FC1-4195-B22B-ED4B9DC577A9}.Release|Any CPU.ActiveCfg = Release|Any CPU
		{1E8F722E-7FC1-4195-B22B-ED4B9DC577A9}.Release|Any CPU.Build.0 = Release|Any CPU
		{063B9D34-3085-469E-B055-2034A92FBCE3}.Debug|Any CPU.ActiveCfg = Debug|Any CPU
		{063B9D34-3085-469E-B055-2034A92FBCE3}.Debug|Any CPU.Build.0 = Debug|Any CPU
		{063B9D34-3085-469E-B055-2034A92FBCE3}.Release|Any CPU.ActiveCfg = Release|Any CPU
		{063B9D34-3085-469E-B055-2034A92FBCE3}.Release|Any CPU.Build.0 = Release|Any CPU
		{7AB2EF56-5CB7-4A30-9528-62DF7685DE54}.Debug|Any CPU.ActiveCfg = Debug|Any CPU
		{7AB2EF56-5CB7-4A30-9528-62DF7685DE54}.Debug|Any CPU.Build.0 = Debug|Any CPU
		{7AB2EF56-5CB7-4A30-9528-62DF7685DE54}.Release|Any CPU.ActiveCfg = Release|Any CPU
		{7AB2EF56-5CB7-4A30-9528-62DF7685DE54}.Release|Any CPU.Build.0 = Release|Any CPU
	EndGlobalSection
	GlobalSection(SolutionProperties) = preSolution
		HideSolutionNode = FALSE
	EndGlobalSection
	GlobalSection(ExtensibilityGlobals) = postSolution
		SolutionGuid = {92004EA1-2081-41C7-B702-AD92C10DC650}
	EndGlobalSection
EndGlobal
